// !$*UTF8*$!
{
	archiveVersion = 1;
	classes = {
	};
	objectVersion = 46;
	objects = {

/* Begin PBXBuildFile section */
		5ED2D71B1B4F13AA00D32B62 /* AppDelegate.swift in Sources */ = {isa = PBXBuildFile; fileRef = 5ED2D71A1B4F13AA00D32B62 /* AppDelegate.swift */; };
		5ED2D71D1B4F13AA00D32B62 /* ViewController.swift in Sources */ = {isa = PBXBuildFile; fileRef = 5ED2D71C1B4F13AA00D32B62 /* ViewController.swift */; };
		5ED2D7201B4F13AA00D32B62 /* Main.storyboard in Resources */ = {isa = PBXBuildFile; fileRef = 5ED2D71E1B4F13AA00D32B62 /* Main.storyboard */; };
		5ED2D7221B4F13AA00D32B62 /* Images.xcassets in Resources */ = {isa = PBXBuildFile; fileRef = 5ED2D7211B4F13AA00D32B62 /* Images.xcassets */; };
		5ED2D7251B4F13AA00D32B62 /* LaunchScreen.xib in Resources */ = {isa = PBXBuildFile; fileRef = 5ED2D7231B4F13AA00D32B62 /* LaunchScreen.xib */; };
		5ED2D7311B4F13AA00D32B62 /* MSTumblrMenuTests.swift in Sources */ = {isa = PBXBuildFile; fileRef = 5ED2D7301B4F13AA00D32B62 /* MSTumblrMenuTests.swift */; };
/* End PBXBuildFile section */

/* Begin PBXContainerItemProxy section */
		5ED2D72B1B4F13AA00D32B62 /* PBXContainerItemProxy */ = {
			isa = PBXContainerItemProxy;
			containerPortal = 5ED2D70D1B4F13AA00D32B62 /* Project object */;
			proxyType = 1;
			remoteGlobalIDString = 5ED2D7141B4F13AA00D32B62;
			remoteInfo = MSTumblrMenu;
		};
/* End PBXContainerItemProxy section */

/* Begin PBXFileReference section */
		5ED2D7151B4F13AA00D32B62 /* MSTumblrMenu.app */ = {isa = PBXFileReference; explicitFileType = wrapper.application; includeInIndex = 0; path = MSTumblrMenu.app; sourceTree = BUILT_PRODUCTS_DIR; };
		5ED2D7191B4F13AA00D32B62 /* Info.plist */ = {isa = PBXFileReference; lastKnownFileType = text.plist.xml; path = Info.plist; sourceTree = "<group>"; };
		5ED2D71A1B4F13AA00D32B62 /* AppDelegate.swift */ = {isa = PBXFileReference; lastKnownFileType = sourcecode.swift; path = AppDelegate.swift; sourceTree = "<group>"; };
		5ED2D71C1B4F13AA00D32B62 /* ViewController.swift */ = {isa = PBXFileReference; lastKnownFileType = sourcecode.swift; path = ViewController.swift; sourceTree = "<group>"; };
		5ED2D71F1B4F13AA00D32B62 /* Base */ = {isa = PBXFileReference; lastKnownFileType = file.storyboard; name = Base; path = Base.lproj/Main.storyboard; sourceTree = "<group>"; };
		5ED2D7211B4F13AA00D32B62 /* Images.xcassets */ = {isa = PBXFileReference; lastKnownFileType = folder.assetcatalog; path = Images.xcassets; sourceTree = "<group>"; };
		5ED2D7241B4F13AA00D32B62 /* Base */ = {isa = PBXFileReference; lastKnownFileType = file.xib; name = Base; path = Base.lproj/LaunchScreen.xib; sourceTree = "<group>"; };
		5ED2D72A1B4F13AA00D32B62 /* MSTumblrMenuTests.xctest */ = {isa = PBXFileReference; explicitFileType = wrapper.cfbundle; includeInIndex = 0; path = MSTumblrMenuTests.xctest; sourceTree = BUILT_PRODUCTS_DIR; };
		5ED2D72F1B4F13AA00D32B62 /* Info.plist */ = {isa = PBXFileReference; lastKnownFileType = text.plist.xml; path = Info.plist; sourceTree = "<group>"; };
		5ED2D7301B4F13AA00D32B62 /* MSTumblrMenuTests.swift */ = {isa = PBXFileReference; lastKnownFileType = sourcecode.swift; path = MSTumblrMenuTests.swift; sourceTree = "<group>"; };
/* End PBXFileReference section */

/* Begin PBXFrameworksBuildPhase section */
		5ED2D7121B4F13AA00D32B62 /* Frameworks */ = {
			isa = PBXFrameworksBuildPhase;
			buildActionMask = 2147483647;
			files = (
			);
			runOnlyForDeploymentPostprocessing = 0;
		};
		5ED2D7271B4F13AA00D32B62 /* Frameworks */ = {
			isa = PBXFrameworksBuildPhase;
			buildActionMask = 2147483647;
			files = (
			);
			runOnlyForDeploymentPostprocessing = 0;
		};
/* End PBXFrameworksBuildPhase section */

/* Begin PBXGroup section */
		5ED2D70C1B4F13AA00D32B62 = {
			isa = PBXGroup;
			children = (
				5ED2D7171B4F13AA00D32B62 /* MSTumblrMenu */,
				5ED2D72D1B4F13AA00D32B62 /* MSTumblrMenuTests */,
				5ED2D7161B4F13AA00D32B62 /* Products */,
			);
			sourceTree = "<group>";
		};
		5ED2D7161B4F13AA00D32B62 /* Products */ = {
			isa = PBXGroup;
			children = (
				5ED2D7151B4F13AA00D32B62 /* MSTumblrMenu.app */,
				5ED2D72A1B4F13AA00D32B62 /* MSTumblrMenuTests.xctest */,
			);
			name = Products;
			sourceTree = "<group>";
		};
		5ED2D7171B4F13AA00D32B62 /* MSTumblrMenu */ = {
			isa = PBXGroup;
			children = (
				5ED2D71A1B4F13AA00D32B62 /* AppDelegate.swift */,
				5ED2D71C1B4F13AA00D32B62 /* ViewController.swift */,
				5ED2D71E1B4F13AA00D32B62 /* Main.storyboard */,
				5ED2D7211B4F13AA00D32B62 /* Images.xcassets */,
				5ED2D7231B4F13AA00D32B62 /* LaunchScreen.xib */,
				5ED2D7181B4F13AA00D32B62 /* Supporting Files */,
			);
			path = MSTumblrMenu;
			sourceTree = "<group>";
		};
		5ED2D7181B4F13AA00D32B62 /* Supporting Files */ = {
			isa = PBXGroup;
			children = (
				5ED2D7191B4F13AA00D32B62 /* Info.plist */,
			);
			name = "Supporting Files";
			sourceTree = "<group>";
		};
		5ED2D72D1B4F13AA00D32B62 /* MSTumblrMenuTests */ = {
			isa = PBXGroup;
			children = (
				5ED2D7301B4F13AA00D32B62 /* MSTumblrMenuTests.swift */,
				5ED2D72E1B4F13AA00D32B62 /* Supporting Files */,
			);
			path = MSTumblrMenuTests;
			sourceTree = "<group>";
		};
		5ED2D72E1B4F13AA00D32B62 /* Supporting Files */ = {
			isa = PBXGroup;
			children = (
				5ED2D72F1B4F13AA00D32B62 /* Info.plist */,
			);
			name = "Supporting Files";
			sourceTree = "<group>";
		};
/* End PBXGroup section */

/* Begin PBXNativeTarget section */
		5ED2D7141B4F13AA00D32B62 /* MSTumblrMenu */ = {
			isa = PBXNativeTarget;
			buildConfigurationList = 5ED2D7341B4F13AA00D32B62 /* Build configuration list for PBXNativeTarget "MSTumblrMenu" */;
			buildPhases = (
				5ED2D7111B4F13AA00D32B62 /* Sources */,
				5ED2D7121B4F13AA00D32B62 /* Frameworks */,
				5ED2D7131B4F13AA00D32B62 /* Resources */,
			);
			buildRules = (
			);
			dependencies = (
			);
			name = MSTumblrMenu;
			productName = MSTumblrMenu;
			productReference = 5ED2D7151B4F13AA00D32B62 /* MSTumblrMenu.app */;
			productType = "com.apple.product-type.application";
		};
		5ED2D7291B4F13AA00D32B62 /* MSTumblrMenuTests */ = {
			isa = PBXNativeTarget;
			buildConfigurationList = 5ED2D7371B4F13AA00D32B62 /* Build configuration list for PBXNativeTarget "MSTumblrMenuTests" */;
			buildPhases = (
				5ED2D7261B4F13AA00D32B62 /* Sources */,
				5ED2D7271B4F13AA00D32B62 /* Frameworks */,
				5ED2D7281B4F13AA00D32B62 /* Resources */,
			);
			buildRules = (
			);
			dependencies = (
				5ED2D72C1B4F13AA00D32B62 /* PBXTargetDependency */,
			);
			name = MSTumblrMenuTests;
			productName = MSTumblrMenuTests;
			productReference = 5ED2D72A1B4F13AA00D32B62 /* MSTumblrMenuTests.xctest */;
			productType = "com.apple.product-type.bundle.unit-test";
		};
/* End PBXNativeTarget section */

/* Begin PBXProject section */
		5ED2D70D1B4F13AA00D32B62 /* Project object */ = {
			isa = PBXProject;
			attributes = {
				LastUpgradeCheck = 0630;
				ORGANIZATIONNAME = "Maksym Shcheglov";
				TargetAttributes = {
					5ED2D7141B4F13AA00D32B62 = {
						CreatedOnToolsVersion = 6.3.2;
					};
					5ED2D7291B4F13AA00D32B62 = {
						CreatedOnToolsVersion = 6.3.2;
						TestTargetID = 5ED2D7141B4F13AA00D32B62;
					};
				};
			};
			buildConfigurationList = 5ED2D7101B4F13AA00D32B62 /* Build configuration list for PBXProject "MSTumblrMenu" */;
			compatibilityVersion = "Xcode 3.2";
			developmentRegion = English;
			hasScannedForEncodings = 0;
			knownRegions = (
				en,
				Base,
			);
			mainGroup = 5ED2D70C1B4F13AA00D32B62;
			productRefGroup = 5ED2D7161B4F13AA00D32B62 /* Products */;
			projectDirPath = "";
			projectRoot = "";
			targets = (
				5ED2D7141B4F13AA00D32B62 /* MSTumblrMenu */,
				5ED2D7291B4F13AA00D32B62 /* MSTumblrMenuTests */,
			);
		};
/* End PBXProject section */

/* Begin PBXResourcesBuildPhase section */
		5ED2D7131B4F13AA00D32B62 /* Resources */ = {
			isa = PBXResourcesBuildPhase;
			buildActionMask = 2147483647;
			files = (
				5ED2D7201B4F13AA00D32B62 /* Main.storyboard in Resources */,
				5ED2D7251B4F13AA00D32B62 /* LaunchScreen.xib in Resources */,
				5ED2D7221B4F13AA00D32B62 /* Images.xcassets in Resources */,
			);
			runOnlyForDeploymentPostprocessing = 0;
		};
		5ED2D7281B4F13AA00D32B62 /* Resources */ = {
			isa = PBXResourcesBuildPhase;
			buildActionMask = 2147483647;
			files = (
			);
			runOnlyForDeploymentPostprocessing = 0;
		};
/* End PBXResourcesBuildPhase section */

/* Begin PBXSourcesBuildPhase section */
		5ED2D7111B4F13AA00D32B62 /* Sources */ = {
			isa = PBXSourcesBuildPhase;
			buildActionMask = 2147483647;
			files = (
				5ED2D71D1B4F13AA00D32B62 /* ViewController.swift in Sources */,
				5ED2D71B1B4F13AA00D32B62 /* AppDelegate.swift in Sources */,
			);
			runOnlyForDeploymentPostprocessing = 0;
		};
		5ED2D7261B4F13AA00D32B62 /* Sources */ = {
			isa = PBXSourcesBuildPhase;
			buildActionMask = 2147483647;
			files = (
				5ED2D7311B4F13AA00D32B62 /* MSTumblrMenuTests.swift in Sources */,
			);
			runOnlyForDeploymentPostprocessing = 0;
		};
/* End PBXSourcesBuildPhase section */

/* Begin PBXTargetDependency section */
		5ED2D72C1B4F13AA00D32B62 /* PBXTargetDependency */ = {
			isa = PBXTargetDependency;
			target = 5ED2D7141B4F13AA00D32B62 /* MSTumblrMenu */;
			targetProxy = 5ED2D72B1B4F13AA00D32B62 /* PBXContainerItemProxy */;
		};
/* End PBXTargetDependency section */

/* Begin PBXVariantGroup section */
		5ED2D71E1B4F13AA00D32B62 /* Main.storyboard */ = {
			isa = PBXVariantGroup;
			children = (
				5ED2D71F1B4F13AA00D32B62 /* Base */,
			);
			name = Main.storyboard;
			sourceTree = "<group>";
		};
		5ED2D7231B4F13AA00D32B62 /* LaunchScreen.xib */ = {
			isa = PBXVariantGroup;
			children = (
				5ED2D7241B4F13AA00D32B62 /* Base */,
			);
			name = LaunchScreen.xib;
			sourceTree = "<group>";
		};
/* End PBXVariantGroup section */

/* Begin XCBuildConfiguration section */
		5ED2D7321B4F13AA00D32B62 /* Debug */ = {
			isa = XCBuildConfiguration;
			buildSettings = {
				ALWAYS_SEARCH_USER_PATHS = NO;
				CLANG_CXX_LANGUAGE_STANDARD = "gnu++0x";
				CLANG_CXX_LIBRARY = "libc++";
				CLANG_ENABLE_MODULES = YES;
				CLANG_ENABLE_OBJC_ARC = YES;
				CLANG_WARN_BOOL_CONVERSION = YES;
				CLANG_WARN_CONSTANT_CONVERSION = YES;
				CLANG_WARN_DIRECT_OBJC_ISA_USAGE = YES_ERROR;
				CLANG_WARN_EMPTY_BODY = YES;
				CLANG_WARN_ENUM_CONVERSION = YES;
				CLANG_WARN_INT_CONVERSION = YES;
				CLANG_WARN_OBJC_ROOT_CLASS = YES_ERROR;
				CLANG_WARN_UNREACHABLE_CODE = YES;
				CLANG_WARN__DUPLICATE_METHOD_MATCH = YES;
				"CODE_SIGN_IDENTITY[sdk=iphoneos*]" = "iPhone Developer";
				COPY_PHASE_STRIP = NO;
				DEBUG_INFORMATION_FORMAT = "dwarf-with-dsym";
				ENABLE_STRICT_OBJC_MSGSEND = YES;
				GCC_C_LANGUAGE_STANDARD = gnu99;
				GCC_DYNAMIC_NO_PIC = NO;
				GCC_NO_COMMON_BLOCKS = YES;
				GCC_OPTIMIZATION_LEVEL = 0;
				GCC_PREPROCESSOR_DEFINITIONS = (
					"DEBUG=1",
					"$(inherited)",
				);
				GCC_SYMBOLS_PRIVATE_EXTERN = NO;
				GCC_WARN_64_TO_32_BIT_CONVERSION = YES;
				GCC_WARN_ABOUT_RETURN_TYPE = YES_ERROR;
				GCC_WARN_UNDECLARED_SELECTOR = YES;
				GCC_WARN_UNINITIALIZED_AUTOS = YES_AGGRESSIVE;
				GCC_WARN_UNUSED_FUNCTION = YES;
				GCC_WARN_UNUSED_VARIABLE = YES;
				IPHONEOS_DEPLOYMENT_TARGET = 8.3;
				MTL_ENABLE_DEBUG_INFO = YES;
				ONLY_ACTIVE_ARCH = YES;
				SDKROOT = iphoneos;
				SWIFT_OPTIMIZATION_LEVEL = "-Onone";
			};
			name = Debug;
		};
		5ED2D7331B4F13AA00D32B62 /* Release */ = {
			isa = XCBuildConfiguration;
			buildSettings = {
				ALWAYS_SEARCH_USER_PATHS = NO;
				CLANG_CXX_LANGUAGE_STANDARD = "gnu++0x";
				CLANG_CXX_LIBRARY = "libc++";
				CLANG_ENABLE_MODULES = YES;
				CLANG_ENABLE_OBJC_ARC = YES;
				CLANG_WARN_BOOL_CONVERSION = YES;
				CLANG_WARN_CONSTANT_CONVERSION = YES;
				CLANG_WARN_DIRECT_OBJC_ISA_USAGE = YES_ERROR;
				CLANG_WARN_EMPTY_BODY = YES;
				CLANG_WARN_ENUM_CONVERSION = YES;
				CLANG_WARN_INT_CONVERSION = YES;
				CLANG_WARN_OBJC_ROOT_CLASS = YES_ERROR;
				CLANG_WARN_UNREACHABLE_CODE = YES;
				CLANG_WARN__DUPLICATE_METHOD_MATCH = YES;
				"CODE_SIGN_IDENTITY[sdk=iphoneos*]" = "iPhone Developer";
				COPY_PHASE_STRIP = NO;
				DEBUG_INFORMATION_FORMAT = "dwarf-with-dsym";
				ENABLE_NS_ASSERTIONS = NO;
				ENABLE_STRICT_OBJC_MSGSEND = YES;
				GCC_C_LANGUAGE_STANDARD = gnu99;
				GCC_NO_COMMON_BLOCKS = YES;
				GCC_WARN_64_TO_32_BIT_CONVERSION = YES;
				GCC_WARN_ABOUT_RETURN_TYPE = YES_ERROR;
				GCC_WARN_UNDECLARED_SELECTOR = YES;
				GCC_WARN_UNINITIALIZED_AUTOS = YES_AGGRESSIVE;
				GCC_WARN_UNUSED_FUNCTION = YES;
				GCC_WARN_UNUSED_VARIABLE = YES;
				IPHONEOS_DEPLOYMENT_TARGET = 8.3;
				MTL_ENABLE_DEBUG_INFO = NO;
				SDKROOT = iphoneos;
				VALIDATE_PRODUCT = YES;
			};
			name = Release;
		};
		5ED2D7351B4F13AA00D32B62 /* Debug */ = {
			isa = XCBuildConfiguration;
			buildSettings = {
				ASSETCATALOG_COMPILER_APPICON_NAME = AppIcon;
				INFOPLIST_FILE = MSTumblrMenu/Info.plist;
				LD_RUNPATH_SEARCH_PATHS = "$(inherited) @executable_path/Frameworks";
				PRODUCT_NAME = "$(TARGET_NAME)";
			};
			name = Debug;
		};
		5ED2D7361B4F13AA00D32B62 /* Release */ = {
			isa = XCBuildConfiguration;
			buildSettings = {
				ASSETCATALOG_COMPILER_APPICON_NAME = AppIcon;
				INFOPLIST_FILE = MSTumblrMenu/Info.plist;
				LD_RUNPATH_SEARCH_PATHS = "$(inherited) @executable_path/Frameworks";
				PRODUCT_NAME = "$(TARGET_NAME)";
			};
			name = Release;
		};
		5ED2D7381B4F13AA00D32B62 /* Debug */ = {
			isa = XCBuildConfiguration;
			buildSettings = {
				BUNDLE_LOADER = "$(TEST_HOST)";
				FRAMEWORK_SEARCH_PATHS = (
					"$(SDKROOT)/Developer/Library/Frameworks",
					"$(inherited)",
				);
				GCC_PREPROCESSOR_DEFINITIONS = (
					"DEBUG=1",
					"$(inherited)",
				);
				INFOPLIST_FILE = MSTumblrMenuTests/Info.plist;
				LD_RUNPATH_SEARCH_PATHS = "$(inherited) @executable_path/Frameworks @loader_path/Frameworks";
				PRODUCT_NAME = "$(TARGET_NAME)";
				TEST_HOST = "$(BUILT_PRODUCTS_DIR)/MSTumblrMenu.app/MSTumblrMenu";
			};
			name = Debug;
		};
		5ED2D7391B4F13AA00D32B62 /* Release */ = {
			isa = XCBuildConfiguration;
			buildSettings = {
				BUNDLE_LOADER = "$(TEST_HOST)";
				FRAMEWORK_SEARCH_PATHS = (
					"$(SDKROOT)/Developer/Library/Frameworks",
					"$(inherited)",
				);
				INFOPLIST_FILE = MSTumblrMenuTests/Info.plist;
				LD_RUNPATH_SEARCH_PATHS = "$(inherited) @executable_path/Frameworks @loader_path/Frameworks";
				PRODUCT_NAME = "$(TARGET_NAME)";
				TEST_HOST = "$(BUILT_PRODUCTS_DIR)/MSTumblrMenu.app/MSTumblrMenu";
			};
			name = Release;
		};
/* End XCBuildConfiguration section */

/* Begin XCConfigurationList section */
		5ED2D7101B4F13AA00D32B62 /* Build configuration list for PBXProject "MSTumblrMenu" */ = {
			isa = XCConfigurationList;
			buildConfigurations = (
				5ED2D7321B4F13AA00D32B62 /* Debug */,
				5ED2D7331B4F13AA00D32B62 /* Release */,
			);
			defaultConfigurationIsVisible = 0;
			defaultConfigurationName = Release;
		};
		5ED2D7341B4F13AA00D32B62 /* Build configuration list for PBXNativeTarget "MSTumblrMenu" */ = {
			isa = XCConfigurationList;
			buildConfigurations = (
				5ED2D7351B4F13AA00D32B62 /* Debug */,
				5ED2D7361B4F13AA00D32B62 /* Release */,
			);
			defaultConfigurationIsVisible = 0;
		};
		5ED2D7371B4F13AA00D32B62 /* Build configuration list for PBXNativeTarget "MSTumblrMenuTests" */ = {
			isa = XCConfigurationList;
			buildConfigurations = (
				5ED2D7381B4F13AA00D32B62 /* Debug */,
				5ED2D7391B4F13AA00D32B62 /* Release */,
			);
			defaultConfigurationIsVisible = 0;
		};
/* End XCConfigurationList section */
	};
	rootObject = 5ED2D70D1B4F13AA00D32B62 /* Project object */;
}
